
Microsoft Visual Studio Solution File, Format Version 12.00
# Visual Studio 2012
Project("{FAE04EC0-301F-11D3-BF4B-00C04F79EFBC}") = "Referrals", "Referrals\Referrals.csproj", "{FB230414-023E-49AE-BC70-A842C556DDD7}"
EndProject
Project("{FAE04EC0-301F-11D3-BF4B-00C04F79EFBC}") = "ReferralsServices", "ReferralsSvc\ReferralsServices.csproj", "{CF60D12D-C910-4056-845A-9D3ADF4FF58B}"
EndProject
Project("{FAE04EC0-301F-11D3-BF4B-00C04F79EFBC}") = "TestApp", "TestApp\TestApp.csproj", "{CE2A7065-C178-427B-BA65-0596522C6647}"
EndProject
Global
	GlobalSection(SolutionConfigurationPlatforms) = preSolution
		Debug|Any CPU = Debug|Any CPU
		Release|Any CPU = Release|Any CPU
	EndGlobalSection
	GlobalSection(ProjectConfigurationPlatforms) = postSolution
		{FB230414-023E-49AE-BC70-A842C556DDD7}.Debug|Any CPU.ActiveCfg = Debug|Any CPU
		{FB230414-023E-49AE-BC70-A842C556DDD7}.Debug|Any CPU.Build.0 = Debug|Any CPU
		{FB230414-023E-49AE-BC70-A842C556DDD7}.Release|Any CPU.ActiveCfg = Release|Any CPU
		{FB230414-023E-49AE-BC70-A842C556DDD7}.Release|Any CPU.Build.0 = Release|Any CPU
		{CF60D12D-C910-4056-845A-9D3ADF4FF58B}.Debug|Any CPU.ActiveCfg = Debug|Any CPU
		{CF60D12D-C910-4056-845A-9D3ADF4FF58B}.Debug|Any CPU.Build.0 = Debug|Any CPU
		{CF60D12D-C910-4056-845A-9D3ADF4FF58B}.Release|Any CPU.ActiveCfg = Release|Any CPU
		{CF60D12D-C910-4056-845A-9D3ADF4FF58B}.Release|Any CPU.Build.0 = Release|Any CPU
		{CE2A7065-C178-427B-BA65-0596522C6647}.Debug|Any CPU.ActiveCfg = Debug|Any CPU
		{CE2A7065-C178-427B-BA65-0596522C6647}.Debug|Any CPU.Build.0 = Debug|Any CPU
		{CE2A7065-C178-427B-BA65-0596522C6647}.Release|Any CPU.ActiveCfg = Release|Any CPU
		{CE2A7065-C178-427B-BA65-0596522C6647}.Release|Any CPU.Build.0 = Release|Any CPU
	EndGlobalSection
	GlobalSection(SolutionProperties) = preSolution
		HideSolutionNode = FALSE
	EndGlobalSection
EndGlobal
